PODS:
  - Charts (3.5.0):
    - Charts/Core (= 3.5.0)
  - Charts/Core (3.5.0)
  - TinyConstraints (4.0.1)

DEPENDENCIES:
  - Charts
  - TinyConstraints

SPEC REPOS:
  trunk:
    - Charts
    - TinyConstraints

SPEC CHECKSUMS:
  Charts: 40a08591df1f8ad5c223ddedfb1a06da92f24f7c
  TinyConstraints: 8dd91295e56797648c7bc335dd20e1d91ec4c192

PODFILE CHECKSUM: 8b1c67fb20b92ddef8e3f7efc7de501168cc5451

COCOAPODS: 1.9.1
